
Microsoft Visual Studio Solution File, Format Version 12.00
# Visual Studio 15
VisualStudioVersion = 15.0.28307.102
MinimumVisualStudioVersion = 10.0.40219.1
Project("{FAE04EC0-301F-11D3-BF4B-00C04F79EFBC}") = "DegradingGoods", "DegradingGoods\DegradingGoods.csproj", "{40C5B2AA-253D-459D-837E-A4238D87E8AE}"
EndProject
Global
	GlobalSection(SolutionConfigurationPlatforms) = preSolution
		Debug|Any CPU = Debug|Any CPU
		Release|Any CPU = Release|Any CPU
	EndGlobalSection
	GlobalSection(ProjectConfigurationPlatforms) = postSolution
		{40C5B2AA-253D-459D-837E-A4238D87E8AE}.Debug|Any CPU.ActiveCfg = Debug|Any CPU
		{40C5B2AA-253D-459D-837E-A4238D87E8AE}.Debug|Any CPU.Build.0 = Debug|Any CPU
		{40C5B2AA-253D-459D-837E-A4238D87E8AE}.Release|Any CPU.ActiveCfg = Release|Any CPU
		{40C5B2AA-253D-459D-837E-A4238D87E8AE}.Release|Any CPU.Build.0 = Release|Any CPU
	EndGlobalSection
	GlobalSection(SolutionProperties) = preSolution
		HideSolutionNode = FALSE
	EndGlobalSection
	GlobalSection(ExtensibilityGlobals) = postSolution
		SolutionGuid = {9AA8E83F-4687-478B-9D11-4A080CE360D6}
	EndGlobalSection
EndGlobal
